
Microsoft Visual Studio Solution File, Format Version 12.00
# Visual Studio Version 17
VisualStudioVersion = 17.0.31903.59
MinimumVisualStudioVersion = 10.0.40219.1
Project("{9A19103F-16F7-4668-BE54-9A1E7A4F7556}") = "TestConsole", "TestConsole\TestConsole.csproj", "{61DFA520-99C4-4D56-A33B-218D0AB8C907}"
EndProject
Project("{FAE04EC0-301F-11D3-BF4B-00C04F79EFBC}") = "ConsoleToReference", "ConsoleToReference\ConsoleToReference.csproj", "{13D655A4-E85F-42D1-ACF2-F977F5726109}"
EndProject
Global
	GlobalSection(SolutionConfigurationPlatforms) = preSolution
		Debug|Any CPU = Debug|Any CPU
		Release|Any CPU = Release|Any CPU
	EndGlobalSection
	GlobalSection(ProjectConfigurationPlatforms) = postSolution
		{61DFA520-99C4-4D56-A33B-218D0AB8C907}.Debug|Any CPU.ActiveCfg = Debug|Any CPU
		{61DFA520-99C4-4D56-A33B-218D0AB8C907}.Debug|Any CPU.Build.0 = Debug|Any CPU
		{61DFA520-99C4-4D56-A33B-218D0AB8C907}.Release|Any CPU.ActiveCfg = Release|Any CPU
		{61DFA520-99C4-4D56-A33B-218D0AB8C907}.Release|Any CPU.Build.0 = Release|Any CPU
		{13D655A4-E85F-42D1-ACF2-F977F5726109}.Debug|Any CPU.ActiveCfg = Debug|Any CPU
		{13D655A4-E85F-42D1-ACF2-F977F5726109}.Debug|Any CPU.Build.0 = Debug|Any CPU
		{13D655A4-E85F-42D1-ACF2-F977F5726109}.Release|Any CPU.ActiveCfg = Release|Any CPU
		{13D655A4-E85F-42D1-ACF2-F977F5726109}.Release|Any CPU.Build.0 = Release|Any CPU
	EndGlobalSection
	GlobalSection(SolutionProperties) = preSolution
		HideSolutionNode = FALSE
	EndGlobalSection
	GlobalSection(ExtensibilityGlobals) = postSolution
		SolutionGuid = {ACCC42C6-68BD-4D7E-B218-559F76089872}
	EndGlobalSection
EndGlobal
